{
    "requires": true,
    "lockfileVersion": 1,
    "dependencies": {
        "@rocket.chat/apps-engine": {
            "version": "1.5.2",
            "resolved": "https://registry.npmjs.org/@rocket.chat/apps-engine/-/apps-engine-1.5.2.tgz",
            "integrity": "sha512-2Ncbv6XTSNHfEnXwrKBv/WQ19jA+w7Xa3I8FVYYNLLIAss3ZLsqu8k2LeSkSt6H0DWuOViJ8ZIfv/21Vpsu8GQ==",
            "dev": true,
            "requires": {
                "adm-zip": "^0.4.9",
                "lodash.clonedeep": "^4.5.0",
                "semver": "^5.5.0",
                "stack-trace": "0.0.10",
                "typescript": "^2.9.2",
                "uuid": "^3.2.1"
            }
        },
        "adm-zip": {
            "version": "0.4.13",
            "resolved": "https://registry.npmjs.org/adm-zip/-/adm-zip-0.4.13.tgz",
            "integrity": "sha512-fERNJX8sOXfel6qCBCMPvZLzENBEhZTzKqg6vrOW5pvoEaQuJhRU4ndTAh6lHOxn1I6jnz2NHra56ZODM751uw==",
            "dev": true
        },
        "lodash.clonedeep": {
            "version": "4.5.0",
            "resolved": "https://registry.npmjs.org/lodash.clonedeep/-/lodash.clonedeep-4.5.0.tgz",
            "integrity": "sha1-4j8/nE+Pvd6HJSnBBxhXoIblzO8=",
            "dev": true
        },
        "semver": {
            "version": "5.7.0",
            "resolved": "https://registry.npmjs.org/semver/-/semver-5.7.0.tgz",
            "integrity": "sha512-Ya52jSX2u7QKghxeoFGpLwCtGlt7j0oY9DYb5apt9nPlJ42ID+ulTXESnt/qAQcoSERyZ5sl3LDIOw0nAn/5DA==",
            "dev": true
        },
        "stack-trace": {
            "version": "0.0.10",
            "resolved": "https://registry.npmjs.org/stack-trace/-/stack-trace-0.0.10.tgz",
            "integrity": "sha1-VHxws0fo0ytOEI6hoqFZ5f3eGcA=",
            "dev": true
        },
        "typescript": {
            "version": "2.9.2",
            "resolved": "https://registry.npmjs.org/typescript/-/typescript-2.9.2.tgz",
            "integrity": "sha512-Gr4p6nFNaoufRIY4NMdpQRNmgxVIGMs4Fcu/ujdYk3nAZqk7supzBE9idmvfZIlH/Cuj//dvi+019qEue9lV0w==",
            "dev": true
        },
        "uuid": {
            "version": "3.3.2",
            "resolved": "https://registry.npmjs.org/uuid/-/uuid-3.3.2.tgz",
            "integrity": "sha512-yXJmeNaw3DnnKAOKJE51sL/ZaYfWJRl1pK9dr19YFCu0ObS231AB1/LbqTKRAQ5kw8A90rA6fr4riOUpTZvQZA==",
            "dev": true
        }
    }
}
